
Microsoft Visual Studio Solution File, Format Version 11.00
# Visual Studio 2010
Project("{FAE04EC0-301F-11D3-BF4B-00C04F79EFBC}") = "PainManagementDiary", "PainManagementDiary\PainManagementDiary.csproj", "{5B9D06BB-3C51-430E-9DEC-4E4F415F7ACC}"
EndProject
Project("{FAE04EC0-301F-11D3-BF4B-00C04F79EFBC}") = "PainManagementDiary.Tests", "PainManagementDiary.Tests\PainManagementDiary.Tests.csproj", "{460D1964-B14A-4927-9392-DEBFFCB4C076}"
EndProject
Global
	GlobalSection(SolutionConfigurationPlatforms) = preSolution
		Debug|Any CPU = Debug|Any CPU
		Release|Any CPU = Release|Any CPU
	EndGlobalSection
	GlobalSection(ProjectConfigurationPlatforms) = postSolution
		{5B9D06BB-3C51-430E-9DEC-4E4F415F7ACC}.Debug|Any CPU.ActiveCfg = Debug|Any CPU
		{5B9D06BB-3C51-430E-9DEC-4E4F415F7ACC}.Debug|Any CPU.Build.0 = Debug|Any CPU
		{5B9D06BB-3C51-430E-9DEC-4E4F415F7ACC}.Release|Any CPU.ActiveCfg = Release|Any CPU
		{5B9D06BB-3C51-430E-9DEC-4E4F415F7ACC}.Release|Any CPU.Build.0 = Release|Any CPU
		{460D1964-B14A-4927-9392-DEBFFCB4C076}.Debug|Any CPU.ActiveCfg = Debug|Any CPU
		{460D1964-B14A-4927-9392-DEBFFCB4C076}.Debug|Any CPU.Build.0 = Debug|Any CPU
		{460D1964-B14A-4927-9392-DEBFFCB4C076}.Release|Any CPU.ActiveCfg = Release|Any CPU
		{460D1964-B14A-4927-9392-DEBFFCB4C076}.Release|Any CPU.Build.0 = Release|Any CPU
	EndGlobalSection
	GlobalSection(SolutionProperties) = preSolution
		HideSolutionNode = FALSE
	EndGlobalSection
EndGlobal
